
Microsoft Visual Studio Solution File, Format Version 12.00
# Visual Studio Version 17
VisualStudioVersion = 17.14.36121.58 d17.14
MinimumVisualStudioVersion = 10.0.40219.1
Project("{D2ABAB84-BF74-430A-B69E-9DC6D40DDA17}") = "Final Project Cube", "Final Project Cube\Final Project Cube.dwproj", "{F5C34CCA-52AD-C493-E390-6541B8A72801}"
EndProject
Global
	GlobalSection(SolutionConfigurationPlatforms) = preSolution
		Development|Default = Development|Default
	EndGlobalSection
	GlobalSection(ProjectConfigurationPlatforms) = postSolution
		{F5C34CCA-52AD-C493-E390-6541B8A72801}.Development|Default.ActiveCfg = Development
		{F5C34CCA-52AD-C493-E390-6541B8A72801}.Development|Default.Build.0 = Development
		{F5C34CCA-52AD-C493-E390-6541B8A72801}.Development|Default.Deploy.0 = Development
	EndGlobalSection
	GlobalSection(SolutionProperties) = preSolution
		HideSolutionNode = FALSE
	EndGlobalSection
	GlobalSection(ExtensibilityGlobals) = postSolution
		SolutionGuid = {16AF0E31-10EE-4143-9607-470E83035762}
	EndGlobalSection
EndGlobal
